
Microsoft Visual Studio Solution File, Format Version 12.00
# Visual Studio 15
VisualStudioVersion = 15.0.27004.2009
MinimumVisualStudioVersion = 10.0.40219.1
Project("{9A19103F-16F7-4668-BE54-9A1E7A4F7556}") = "customerAPI", "customerAPI.csproj", "{9B65B006-B097-4FEB-B03D-567312E0088B}"
EndProject
Project("{E53339B2-1760-4266-BCC7-CA923CBCF16C}") = "docker-compose", "docker-compose.dcproj", "{43931607-1746-4A63-9ED3-7958BF80BDE2}"
EndProject
Global
	GlobalSection(SolutionConfigurationPlatforms) = preSolution
		Debug|Any CPU = Debug|Any CPU
		Release|Any CPU = Release|Any CPU
	EndGlobalSection
	GlobalSection(ProjectConfigurationPlatforms) = postSolution
		{9B65B006-B097-4FEB-B03D-567312E0088B}.Debug|Any CPU.ActiveCfg = Debug|Any CPU
		{9B65B006-B097-4FEB-B03D-567312E0088B}.Debug|Any CPU.Build.0 = Debug|Any CPU
		{9B65B006-B097-4FEB-B03D-567312E0088B}.Release|Any CPU.ActiveCfg = Release|Any CPU
		{9B65B006-B097-4FEB-B03D-567312E0088B}.Release|Any CPU.Build.0 = Release|Any CPU
		{43931607-1746-4A63-9ED3-7958BF80BDE2}.Debug|Any CPU.ActiveCfg = Debug|Any CPU
		{43931607-1746-4A63-9ED3-7958BF80BDE2}.Debug|Any CPU.Build.0 = Debug|Any CPU
		{43931607-1746-4A63-9ED3-7958BF80BDE2}.Release|Any CPU.ActiveCfg = Release|Any CPU
		{43931607-1746-4A63-9ED3-7958BF80BDE2}.Release|Any CPU.Build.0 = Release|Any CPU
	EndGlobalSection
	GlobalSection(SolutionProperties) = preSolution
		HideSolutionNode = FALSE
	EndGlobalSection
	GlobalSection(ExtensibilityGlobals) = postSolution
		SolutionGuid = {42889BAC-4309-4A6F-A27F-27F7F144B366}
	EndGlobalSection
EndGlobal
